
Microsoft Visual Studio Solution File, Format Version 12.00
# Visual Studio Version 17
VisualStudioVersion = 17.3.32819.101
MinimumVisualStudioVersion = 10.0.40219.1
Project("{FAE04EC0-301F-11D3-BF4B-00C04F79EFBC}") = "Conceitos_basicos", "Conceitos_basicos\Conceitos_basicos.csproj", "{A7861E62-0ACD-4A6F-A1D4-DD57AC6F586D}"
EndProject
Global
	GlobalSection(SolutionConfigurationPlatforms) = preSolution
		Debug|Any CPU = Debug|Any CPU
		Release|Any CPU = Release|Any CPU
	EndGlobalSection
	GlobalSection(ProjectConfigurationPlatforms) = postSolution
		{A7861E62-0ACD-4A6F-A1D4-DD57AC6F586D}.Debug|Any CPU.ActiveCfg = Debug|Any CPU
		{A7861E62-0ACD-4A6F-A1D4-DD57AC6F586D}.Debug|Any CPU.Build.0 = Debug|Any CPU
		{A7861E62-0ACD-4A6F-A1D4-DD57AC6F586D}.Release|Any CPU.ActiveCfg = Release|Any CPU
		{A7861E62-0ACD-4A6F-A1D4-DD57AC6F586D}.Release|Any CPU.Build.0 = Release|Any CPU
	EndGlobalSection
	GlobalSection(SolutionProperties) = preSolution
		HideSolutionNode = FALSE
	EndGlobalSection
	GlobalSection(ExtensibilityGlobals) = postSolution
		SolutionGuid = {EFBC00A4-D732-4BB4-B735-1F29217DF940}
	EndGlobalSection
EndGlobal
